#
# This file is autogenerated by pip-compile with Python 3.12
# by the following command:
#
#    pip-compile --no-index --output-file=requirements.lock --strip-extras pyproject.toml
#
annotated-doc==0.0.5
    # via typer
colorama==0.4.6
    # via typer
markdown-it-py==4.2.0
    # via rich
mdurl==0.1.2
    # via markdown-it-py
numpy==2.5.3
    # via
    #   evalgate (pyproject.toml)
    #   scipy
pygments==2.21.0
    # via rich
rich==13.9.4
    # via
    #   evalgate (pyproject.toml)
    #   typer
scipy==1.18.1
    # via evalgate (pyproject.toml)
shellingham==1.5.4
    # via typer
typer==0.27.2
    # via evalgate (pyproject.toml)
